
Microsoft Visual Studio Solution File, Format Version 12.00
# Visual Studio Version 16
VisualStudioVersion = 16.0.29926.136
MinimumVisualStudioVersion = 10.0.40219.1
Project("{FAE04EC0-301F-11D3-BF4B-00C04F79EFBC}") = "WebAppExercise2", "WebAppExercise2\WebAppExercise2.csproj", "{64763506-DC98-4386-A6FF-92192BBE9BC3}"
EndProject
Project("{00D1A9C2-B5F0-4AF3-8072-F6C62B433612}") = "DatabaseExercise2", "DatabaseExercise2\DatabaseExercise2.sqlproj", "{BDD30E38-F10B-4733-980F-E87C8FF21F66}"
EndProject
Global
	GlobalSection(SolutionConfigurationPlatforms) = preSolution
		Debug|Any CPU = Debug|Any CPU
		Release|Any CPU = Release|Any CPU
	EndGlobalSection
	GlobalSection(ProjectConfigurationPlatforms) = postSolution
		{64763506-DC98-4386-A6FF-92192BBE9BC3}.Debug|Any CPU.ActiveCfg = Debug|Any CPU
		{64763506-DC98-4386-A6FF-92192BBE9BC3}.Debug|Any CPU.Build.0 = Debug|Any CPU
		{64763506-DC98-4386-A6FF-92192BBE9BC3}.Release|Any CPU.ActiveCfg = Release|Any CPU
		{64763506-DC98-4386-A6FF-92192BBE9BC3}.Release|Any CPU.Build.0 = Release|Any CPU
		{BDD30E38-F10B-4733-980F-E87C8FF21F66}.Debug|Any CPU.ActiveCfg = Debug|Any CPU
		{BDD30E38-F10B-4733-980F-E87C8FF21F66}.Debug|Any CPU.Build.0 = Debug|Any CPU
		{BDD30E38-F10B-4733-980F-E87C8FF21F66}.Debug|Any CPU.Deploy.0 = Debug|Any CPU
		{BDD30E38-F10B-4733-980F-E87C8FF21F66}.Release|Any CPU.ActiveCfg = Release|Any CPU
		{BDD30E38-F10B-4733-980F-E87C8FF21F66}.Release|Any CPU.Build.0 = Release|Any CPU
		{BDD30E38-F10B-4733-980F-E87C8FF21F66}.Release|Any CPU.Deploy.0 = Release|Any CPU
	EndGlobalSection
	GlobalSection(SolutionProperties) = preSolution
		HideSolutionNode = FALSE
	EndGlobalSection
	GlobalSection(ExtensibilityGlobals) = postSolution
		SolutionGuid = {9E8861FD-869F-4987-B055-BE4D1E8F4ADE}
	EndGlobalSection
EndGlobal
